
Microsoft Visual Studio Solution File, Format Version 12.00
# Visual Studio Version 16
VisualStudioVersion = 16.0.29613.14
MinimumVisualStudioVersion = 10.0.40219.1
Project("{FAE04EC0-301F-11D3-BF4B-00C04F79EFBC}") = "MovieSplitter", "MovieSplitter\MovieSplitter.csproj", "{44056FE5-3D0B-455F-92F6-1101B24A4A59}"
EndProject
Global
	GlobalSection(SolutionConfigurationPlatforms) = preSolution
		Debug|Any CPU = Debug|Any CPU
		Release|Any CPU = Release|Any CPU
	EndGlobalSection
	GlobalSection(ProjectConfigurationPlatforms) = postSolution
		{44056FE5-3D0B-455F-92F6-1101B24A4A59}.Debug|Any CPU.ActiveCfg = Debug|Any CPU
		{44056FE5-3D0B-455F-92F6-1101B24A4A59}.Debug|Any CPU.Build.0 = Debug|Any CPU
		{44056FE5-3D0B-455F-92F6-1101B24A4A59}.Release|Any CPU.ActiveCfg = Release|Any CPU
		{44056FE5-3D0B-455F-92F6-1101B24A4A59}.Release|Any CPU.Build.0 = Release|Any CPU
	EndGlobalSection
	GlobalSection(SolutionProperties) = preSolution
		HideSolutionNode = FALSE
	EndGlobalSection
	GlobalSection(ExtensibilityGlobals) = postSolution
		SolutionGuid = {4E2C03BD-B348-41A6-8531-2E40A6B36D5F}
	EndGlobalSection
EndGlobal
